{
  "name": "terminal-bucket",
  "version": "1.0.0",
  "lockfileVersion": 2,
  "requires": true,
  "packages": {
    "": {
      "version": "1.0.0",
      "license": "ISC",
      "dependencies": {
        "bitbucket": "^2.6.2",
        "colors": "^1.4.0",
        "consolemd": "^0.2.1",
        "date-fns": "^2.22.1",
        "dotenv": "^10.0.0",
        "minimist": "^1.2.5"
      }
    },
    "node_modules/before-after-hook": {
      "version": "2.2.2",
      "resolved": "https://registry.npmjs.org/before-after-hook/-/before-after-hook-2.2.2.tgz",
      "integrity": "sha512-3pZEU3NT5BFUo/AD5ERPWOgQOCZITni6iavr5AUw5AUwQjMlI0kzu5btnyD39AF0gUEsDPwJT+oY1ORBJijPjQ=="
    },
    "node_modules/bitbucket": {
      "version": "2.6.2",
      "resolved": "https://registry.npmjs.org/bitbucket/-/bitbucket-2.6.2.tgz",
      "integrity": "sha512-/mf7vO9WAjn1MpWJ7EZ3cRTl2XrfwGikHzOT1/GCQHqyuiTp0IusixwSEp+K3Y8CJJa/vgVmswmp6RSAjxmaLQ==",
      "dependencies": {
        "before-after-hook": "^2.1.0",
        "deepmerge": "^4.2.2",
        "is-plain-object": "^3.0.0",
        "node-fetch": "^2.6.0",
        "url-template": "^2.0.8"
      }
    },
    "node_modules/colors": {
      "version": "1.4.0",
      "resolved": "https://registry.npmjs.org/colors/-/colors-1.4.0.tgz",
      "integrity": "sha512-a+UqTh4kgZg/SlGvfbzDHpgRu7AAQOmmqRHJnxhRZICKFUT91brVhNNt58CMWU9PsBbv3PDCZUHbVxuDiH2mtA==",
      "engines": {
        "node": ">=0.1.90"
      }
    },
    "node_modules/consolemd": {
      "version": "0.2.1",
      "resolved": "https://registry.npmjs.org/consolemd/-/consolemd-0.2.1.tgz",
      "integrity": "sha512-5RmZV5JRaQhqEWZSLRTaudOaH2BqVo6gncJrzwXVyORmAbWM8mbjitR9Mdgnw8bJWW0uoz+Zolv1MxWj6EK6uQ==",
      "dependencies": {
        "echomd": "^0.2.3"
      }
    },
    "node_modules/date-fns": {
      "version": "2.22.1",
      "resolved": "https://registry.npmjs.org/date-fns/-/date-fns-2.22.1.tgz",
      "integrity": "sha512-yUFPQjrxEmIsMqlHhAhmxkuH769baF21Kk+nZwZGyrMoyLA+LugaQtC0+Tqf9CBUUULWwUJt6Q5ySI3LJDDCGg==",
      "engines": {
        "node": ">=0.11"
      },
      "funding": {
        "type": "opencollective",
        "url": "https://opencollective.com/date-fns"
      }
    },
    "node_modules/deepmerge": {
      "version": "4.2.2",
      "resolved": "https://registry.npmjs.org/deepmerge/-/deepmerge-4.2.2.tgz",
      "integrity": "sha512-FJ3UgI4gIl+PHZm53knsuSFpE+nESMr7M4v9QcgB7S63Kj/6WqMiFQJpBBYz1Pt+66bZpP3Q7Lye0Oo9MPKEdg==",
      "engines": {
        "node": ">=0.10.0"
      }
    },
    "node_modules/dotenv": {
      "version": "10.0.0",
      "resolved": "https://registry.npmjs.org/dotenv/-/dotenv-10.0.0.tgz",
      "integrity": "sha512-rlBi9d8jpv9Sf1klPjNfFAuWDjKLwTIJJ/VxtoTwIR6hnZxcEOQCZg2oIL3MWBYw5GpUDKOEnND7LXTbIpQ03Q==",
      "engines": {
        "node": ">=10"
      }
    },
    "node_modules/echomd": {
      "version": "0.2.3",
      "resolved": "https://registry.npmjs.org/echomd/-/echomd-0.2.3.tgz",
      "integrity": "sha512-xCjWca7P1w7g1GAjK352T5au5wt5RjagmY/qhAinCUoTxW4UKRx6Z/4zqFWybu/UstHF8ssyEIl5dqiuRtoIaw==",
      "bin": {
        "echomd": "js/echomd"
      }
    },
    "node_modules/is-plain-object": {
      "version": "3.0.1",
      "resolved": "https://registry.npmjs.org/is-plain-object/-/is-plain-object-3.0.1.tgz",
      "integrity": "sha512-Xnpx182SBMrr/aBik8y+GuR4U1L9FqMSojwDQwPMmxyC6bvEqly9UBCxhauBF5vNh2gwWJNX6oDV7O+OM4z34g==",
      "engines": {
        "node": ">=0.10.0"
      }
    },
    "node_modules/minimist": {
      "version": "1.2.5",
      "resolved": "https://registry.npmjs.org/minimist/-/minimist-1.2.5.tgz",
      "integrity": "sha512-FM9nNUYrRBAELZQT3xeZQ7fmMOBg6nWNmJKTcgsJeaLstP/UODVpGsr5OhXhhXg6f+qtJ8uiZ+PUxkDWcgIXLw=="
    },
    "node_modules/node-fetch": {
      "version": "2.6.1",
      "resolved": "https://registry.npmjs.org/node-fetch/-/node-fetch-2.6.1.tgz",
      "integrity": "sha512-V4aYg89jEoVRxRb2fJdAg8FHvI7cEyYdVAh94HH0UIK8oJxUfkjlDQN9RbMx+bEjP7+ggMiFRprSti032Oipxw==",
      "engines": {
        "node": "4.x || >=6.0.0"
      }
    },
    "node_modules/url-template": {
      "version": "2.0.8",
      "resolved": "https://registry.npmjs.org/url-template/-/url-template-2.0.8.tgz",
      "integrity": "sha1-/FZaPMy/93MMd19WQflVV5FDnyE="
    }
  },
  "dependencies": {
    "before-after-hook": {
      "version": "2.2.2",
      "resolved": "https://registry.npmjs.org/before-after-hook/-/before-after-hook-2.2.2.tgz",
      "integrity": "sha512-3pZEU3NT5BFUo/AD5ERPWOgQOCZITni6iavr5AUw5AUwQjMlI0kzu5btnyD39AF0gUEsDPwJT+oY1ORBJijPjQ=="
    },
    "bitbucket": {
      "version": "2.6.2",
      "resolved": "https://registry.npmjs.org/bitbucket/-/bitbucket-2.6.2.tgz",
      "integrity": "sha512-/mf7vO9WAjn1MpWJ7EZ3cRTl2XrfwGikHzOT1/GCQHqyuiTp0IusixwSEp+K3Y8CJJa/vgVmswmp6RSAjxmaLQ==",
      "requires": {
        "before-after-hook": "^2.1.0",
        "deepmerge": "^4.2.2",
        "is-plain-object": "^3.0.0",
        "node-fetch": "^2.6.0",
        "url-template": "^2.0.8"
      }
    },
    "colors": {
      "version": "1.4.0",
      "resolved": "https://registry.npmjs.org/colors/-/colors-1.4.0.tgz",
      "integrity": "sha512-a+UqTh4kgZg/SlGvfbzDHpgRu7AAQOmmqRHJnxhRZICKFUT91brVhNNt58CMWU9PsBbv3PDCZUHbVxuDiH2mtA=="
    },
    "consolemd": {
      "version": "0.2.1",
      "resolved": "https://registry.npmjs.org/consolemd/-/consolemd-0.2.1.tgz",
      "integrity": "sha512-5RmZV5JRaQhqEWZSLRTaudOaH2BqVo6gncJrzwXVyORmAbWM8mbjitR9Mdgnw8bJWW0uoz+Zolv1MxWj6EK6uQ==",
      "requires": {
        "echomd": "^0.2.3"
      }
    },
    "date-fns": {
      "version": "2.22.1",
      "resolved": "https://registry.npmjs.org/date-fns/-/date-fns-2.22.1.tgz",
      "integrity": "sha512-yUFPQjrxEmIsMqlHhAhmxkuH769baF21Kk+nZwZGyrMoyLA+LugaQtC0+Tqf9CBUUULWwUJt6Q5ySI3LJDDCGg=="
    },
    "deepmerge": {
      "version": "4.2.2",
      "resolved": "https://registry.npmjs.org/deepmerge/-/deepmerge-4.2.2.tgz",
      "integrity": "sha512-FJ3UgI4gIl+PHZm53knsuSFpE+nESMr7M4v9QcgB7S63Kj/6WqMiFQJpBBYz1Pt+66bZpP3Q7Lye0Oo9MPKEdg=="
    },
    "dotenv": {
      "version": "10.0.0",
      "resolved": "https://registry.npmjs.org/dotenv/-/dotenv-10.0.0.tgz",
      "integrity": "sha512-rlBi9d8jpv9Sf1klPjNfFAuWDjKLwTIJJ/VxtoTwIR6hnZxcEOQCZg2oIL3MWBYw5GpUDKOEnND7LXTbIpQ03Q=="
    },
    "echomd": {
      "version": "0.2.3",
      "resolved": "https://registry.npmjs.org/echomd/-/echomd-0.2.3.tgz",
      "integrity": "sha512-xCjWca7P1w7g1GAjK352T5au5wt5RjagmY/qhAinCUoTxW4UKRx6Z/4zqFWybu/UstHF8ssyEIl5dqiuRtoIaw=="
    },
    "is-plain-object": {
      "version": "3.0.1",
      "resolved": "https://registry.npmjs.org/is-plain-object/-/is-plain-object-3.0.1.tgz",
      "integrity": "sha512-Xnpx182SBMrr/aBik8y+GuR4U1L9FqMSojwDQwPMmxyC6bvEqly9UBCxhauBF5vNh2gwWJNX6oDV7O+OM4z34g=="
    },
    "minimist": {
      "version": "1.2.5",
      "resolved": "https://registry.npmjs.org/minimist/-/minimist-1.2.5.tgz",
      "integrity": "sha512-FM9nNUYrRBAELZQT3xeZQ7fmMOBg6nWNmJKTcgsJeaLstP/UODVpGsr5OhXhhXg6f+qtJ8uiZ+PUxkDWcgIXLw=="
    },
    "node-fetch": {
      "version": "2.6.1",
      "resolved": "https://registry.npmjs.org/node-fetch/-/node-fetch-2.6.1.tgz",
      "integrity": "sha512-V4aYg89jEoVRxRb2fJdAg8FHvI7cEyYdVAh94HH0UIK8oJxUfkjlDQN9RbMx+bEjP7+ggMiFRprSti032Oipxw=="
    },
    "url-template": {
      "version": "2.0.8",
      "resolved": "https://registry.npmjs.org/url-template/-/url-template-2.0.8.tgz",
      "integrity": "sha1-/FZaPMy/93MMd19WQflVV5FDnyE="
    }
  }
}
